
Microsoft Visual Studio Solution File, Format Version 12.00
# Visual Studio Version 17
VisualStudioVersion = 17.6.33723.286
MinimumVisualStudioVersion = 10.0.40219.1
Project("{9A19103F-16F7-4668-BE54-9A1E7A4F7556}") = "LivingHousesApi", "Task_2\LivingHousesApi.csproj", "{7732F2DC-B5F8-4A57-B1FB-4CF38E36BA53}"
EndProject
Global
	GlobalSection(SolutionConfigurationPlatforms) = preSolution
		Debug|Any CPU = Debug|Any CPU
		Release|Any CPU = Release|Any CPU
	EndGlobalSection
	GlobalSection(ProjectConfigurationPlatforms) = postSolution
		{7732F2DC-B5F8-4A57-B1FB-4CF38E36BA53}.Debug|Any CPU.ActiveCfg = Debug|Any CPU
		{7732F2DC-B5F8-4A57-B1FB-4CF38E36BA53}.Debug|Any CPU.Build.0 = Debug|Any CPU
		{7732F2DC-B5F8-4A57-B1FB-4CF38E36BA53}.Release|Any CPU.ActiveCfg = Release|Any CPU
		{7732F2DC-B5F8-4A57-B1FB-4CF38E36BA53}.Release|Any CPU.Build.0 = Release|Any CPU
	EndGlobalSection
	GlobalSection(SolutionProperties) = preSolution
		HideSolutionNode = FALSE
	EndGlobalSection
	GlobalSection(ExtensibilityGlobals) = postSolution
		SolutionGuid = {51FC9480-3450-47C5-86C3-9BAB156861F8}
	EndGlobalSection
EndGlobal
